
Microsoft Visual Studio Solution File, Format Version 12.00
Project("{FAE04EC0-301F-11D3-BF4B-00C04F79EFBC}") = "DemoApi.Web", "DemoApi.Web\DemoApi.Web.csproj", "{422E3042-E5C4-4994-B85A-07D390AD6249}"
EndProject
Project("{FAE04EC0-301F-11D3-BF4B-00C04F79EFBC}") = "DemoApi.Tests", "DemoApi.Tests\DemoApi.Tests.csproj", "{0313D29D-055F-4815-8291-4EF75BA234EE}"
EndProject
Project("{2150E333-8FDC-42A3-9474-1A3956D46DE8}") = "CleanArch", "CleanArch", "{BFA7F28C-1E09-42B2-9788-18FF49EA0A5D}"
EndProject
Project("{FAE04EC0-301F-11D3-BF4B-00C04F79EFBC}") = "DemoApi.Core", "DemoApi.Core\src\DemoApi.Core\DemoApi.Core.csproj", "{CCCFC18A-C10F-4DED-BA46-EFDA2E774FB4}"
EndProject
Project("{FAE04EC0-301F-11D3-BF4B-00C04F79EFBC}") = "DemoApi.Infrastructure", "DemoApi.Infrastructure\DemoApi.Infrastructure.csproj", "{8EEB96B7-29F0-4CD8-8A15-18909725844D}"
EndProject
Global
	GlobalSection(SolutionConfigurationPlatforms) = preSolution
		Debug|Any CPU = Debug|Any CPU
		Release|Any CPU = Release|Any CPU
	EndGlobalSection
	GlobalSection(ProjectConfigurationPlatforms) = postSolution
		{422E3042-E5C4-4994-B85A-07D390AD6249}.Debug|Any CPU.ActiveCfg = Debug|Any CPU
		{422E3042-E5C4-4994-B85A-07D390AD6249}.Debug|Any CPU.Build.0 = Debug|Any CPU
		{422E3042-E5C4-4994-B85A-07D390AD6249}.Release|Any CPU.ActiveCfg = Release|Any CPU
		{422E3042-E5C4-4994-B85A-07D390AD6249}.Release|Any CPU.Build.0 = Release|Any CPU
		{0313D29D-055F-4815-8291-4EF75BA234EE}.Debug|Any CPU.ActiveCfg = Debug|Any CPU
		{0313D29D-055F-4815-8291-4EF75BA234EE}.Debug|Any CPU.Build.0 = Debug|Any CPU
		{0313D29D-055F-4815-8291-4EF75BA234EE}.Release|Any CPU.ActiveCfg = Release|Any CPU
		{0313D29D-055F-4815-8291-4EF75BA234EE}.Release|Any CPU.Build.0 = Release|Any CPU
		{CCCFC18A-C10F-4DED-BA46-EFDA2E774FB4}.Debug|Any CPU.ActiveCfg = Debug|Any CPU
		{CCCFC18A-C10F-4DED-BA46-EFDA2E774FB4}.Debug|Any CPU.Build.0 = Debug|Any CPU
		{CCCFC18A-C10F-4DED-BA46-EFDA2E774FB4}.Release|Any CPU.ActiveCfg = Release|Any CPU
		{CCCFC18A-C10F-4DED-BA46-EFDA2E774FB4}.Release|Any CPU.Build.0 = Release|Any CPU
		{8EEB96B7-29F0-4CD8-8A15-18909725844D}.Debug|Any CPU.ActiveCfg = Debug|Any CPU
		{8EEB96B7-29F0-4CD8-8A15-18909725844D}.Debug|Any CPU.Build.0 = Debug|Any CPU
		{8EEB96B7-29F0-4CD8-8A15-18909725844D}.Release|Any CPU.ActiveCfg = Release|Any CPU
		{8EEB96B7-29F0-4CD8-8A15-18909725844D}.Release|Any CPU.Build.0 = Release|Any CPU
	EndGlobalSection
	GlobalSection(NestedProjects) = preSolution
		{CCCFC18A-C10F-4DED-BA46-EFDA2E774FB4} = {BFA7F28C-1E09-42B2-9788-18FF49EA0A5D}
		{8EEB96B7-29F0-4CD8-8A15-18909725844D} = {BFA7F28C-1E09-42B2-9788-18FF49EA0A5D}
		{422E3042-E5C4-4994-B85A-07D390AD6249} = {BFA7F28C-1E09-42B2-9788-18FF49EA0A5D}
	EndGlobalSection
EndGlobal
